
Microsoft Visual Studio Solution File, Format Version 12.00
# Visual Studio Version 16
VisualStudioVersion = 16.0.31624.102
MinimumVisualStudioVersion = 10.0.40219.1
Project("{9A19103F-16F7-4668-BE54-9A1E7A4F7556}") = "my-books", "my-books\my-books.csproj", "{E5BA1E21-29D1-4AD9-AED4-097203A3C5EB}"
EndProject
Project("{FAE04EC0-301F-11D3-BF4B-00C04F79EFBC}") = "my-books-tests", "my-books-tests\my-books-tests.csproj", "{C5CAF0B9-C77E-40D7-AE4B-B38E23224C61}"
EndProject
Global
	GlobalSection(SolutionConfigurationPlatforms) = preSolution
		Debug|Any CPU = Debug|Any CPU
		Release|Any CPU = Release|Any CPU
	EndGlobalSection
	GlobalSection(ProjectConfigurationPlatforms) = postSolution
		{E5BA1E21-29D1-4AD9-AED4-097203A3C5EB}.Debug|Any CPU.ActiveCfg = Debug|Any CPU
		{E5BA1E21-29D1-4AD9-AED4-097203A3C5EB}.Debug|Any CPU.Build.0 = Debug|Any CPU
		{E5BA1E21-29D1-4AD9-AED4-097203A3C5EB}.Release|Any CPU.ActiveCfg = Release|Any CPU
		{E5BA1E21-29D1-4AD9-AED4-097203A3C5EB}.Release|Any CPU.Build.0 = Release|Any CPU
		{C5CAF0B9-C77E-40D7-AE4B-B38E23224C61}.Debug|Any CPU.ActiveCfg = Debug|Any CPU
		{C5CAF0B9-C77E-40D7-AE4B-B38E23224C61}.Debug|Any CPU.Build.0 = Debug|Any CPU
		{C5CAF0B9-C77E-40D7-AE4B-B38E23224C61}.Release|Any CPU.ActiveCfg = Release|Any CPU
		{C5CAF0B9-C77E-40D7-AE4B-B38E23224C61}.Release|Any CPU.Build.0 = Release|Any CPU
	EndGlobalSection
	GlobalSection(SolutionProperties) = preSolution
		HideSolutionNode = FALSE
	EndGlobalSection
	GlobalSection(ExtensibilityGlobals) = postSolution
		SolutionGuid = {C82D2BB8-3298-4A6A-84E0-9E8B47B62AA6}
	EndGlobalSection
EndGlobal
